
Microsoft Visual Studio Solution File, Format Version 12.00
# Visual Studio 2012
Project("{FAE04EC0-301F-11D3-BF4B-00C04F79EFBC}") = "CouchbaseBeersWeb", "CouchbaseBeersWeb\CouchbaseBeersWeb.csproj", "{75ABFD1E-B3D8-4DE0-957D-DA3FED44DA42}"
EndProject
Global
	GlobalSection(SolutionConfigurationPlatforms) = preSolution
		Debug|Any CPU = Debug|Any CPU
		Release|Any CPU = Release|Any CPU
	EndGlobalSection
	GlobalSection(ProjectConfigurationPlatforms) = postSolution
		{75ABFD1E-B3D8-4DE0-957D-DA3FED44DA42}.Debug|Any CPU.ActiveCfg = Debug|Any CPU
		{75ABFD1E-B3D8-4DE0-957D-DA3FED44DA42}.Debug|Any CPU.Build.0 = Debug|Any CPU
		{75ABFD1E-B3D8-4DE0-957D-DA3FED44DA42}.Release|Any CPU.ActiveCfg = Release|Any CPU
		{75ABFD1E-B3D8-4DE0-957D-DA3FED44DA42}.Release|Any CPU.Build.0 = Release|Any CPU
	EndGlobalSection
	GlobalSection(SolutionProperties) = preSolution
		HideSolutionNode = FALSE
	EndGlobalSection
EndGlobal
